
Microsoft Visual Studio Solution File, Format Version 12.00
# Visual Studio 14
VisualStudioVersion = 14.0.25123.0
MinimumVisualStudioVersion = 10.0.40219.1
Project("{FAE04EC0-301F-11D3-BF4B-00C04F79EFBC}") = "SlotDemo", "SlotDemo\SlotDemo.csproj", "{60460942-0D28-46E7-992B-EABEAF038B72}"
EndProject
Project("{FAE04EC0-301F-11D3-BF4B-00C04F79EFBC}") = "SlotDemo.Common", "SlotDemo.Common\SlotDemo.Common.csproj", "{6B3F005B-1308-4CDE-8975-6D9C5D442EB9}"
EndProject
Project("{FAE04EC0-301F-11D3-BF4B-00C04F79EFBC}") = "SlotDemo.Api", "SlotDemo.Api\SlotDemo.Api.csproj", "{AB6D2C88-31A8-4E74-95A4-46262A728CC5}"
EndProject
Global
	GlobalSection(SolutionConfigurationPlatforms) = preSolution
		Debug|Any CPU = Debug|Any CPU
		Release|Any CPU = Release|Any CPU
	EndGlobalSection
	GlobalSection(ProjectConfigurationPlatforms) = postSolution
		{60460942-0D28-46E7-992B-EABEAF038B72}.Debug|Any CPU.ActiveCfg = Debug|Any CPU
		{60460942-0D28-46E7-992B-EABEAF038B72}.Debug|Any CPU.Build.0 = Debug|Any CPU
		{60460942-0D28-46E7-992B-EABEAF038B72}.Release|Any CPU.ActiveCfg = Release|Any CPU
		{60460942-0D28-46E7-992B-EABEAF038B72}.Release|Any CPU.Build.0 = Release|Any CPU
		{6B3F005B-1308-4CDE-8975-6D9C5D442EB9}.Debug|Any CPU.ActiveCfg = Debug|Any CPU
		{6B3F005B-1308-4CDE-8975-6D9C5D442EB9}.Debug|Any CPU.Build.0 = Debug|Any CPU
		{6B3F005B-1308-4CDE-8975-6D9C5D442EB9}.Release|Any CPU.ActiveCfg = Release|Any CPU
		{6B3F005B-1308-4CDE-8975-6D9C5D442EB9}.Release|Any CPU.Build.0 = Release|Any CPU
		{AB6D2C88-31A8-4E74-95A4-46262A728CC5}.Debug|Any CPU.ActiveCfg = Debug|Any CPU
		{AB6D2C88-31A8-4E74-95A4-46262A728CC5}.Debug|Any CPU.Build.0 = Debug|Any CPU
		{AB6D2C88-31A8-4E74-95A4-46262A728CC5}.Release|Any CPU.ActiveCfg = Release|Any CPU
		{AB6D2C88-31A8-4E74-95A4-46262A728CC5}.Release|Any CPU.Build.0 = Release|Any CPU
	EndGlobalSection
	GlobalSection(SolutionProperties) = preSolution
		HideSolutionNode = FALSE
	EndGlobalSection
EndGlobal
